
Microsoft Visual Studio Solution File, Format Version 10.00
# Visual Studio 2008
Project("{FAE04EC0-301F-11D3-BF4B-00C04F79EFBC}") = "Specs", "Specs\Specs.csproj", "{4166DA81-2844-497E-AE6C-A3AD3E6FE9DB}"
EndProject
Project("{2150E333-8FDC-42A3-9474-1A3956D46DE8}") = "example", "example", "{D58EB219-F279-46FA-B54D-BD958484FB2D}"
EndProject
Project("{FAE04EC0-301F-11D3-BF4B-00C04F79EFBC}") = "example", "example\example.csproj", "{02209C8F-6FF5-4275-841B-E686A8053C32}"
EndProject
Project("{FAE04EC0-301F-11D3-BF4B-00C04F79EFBC}") = "nStep.Framework", "nStep.Framework\nStep.Framework.csproj", "{66CBD8CF-52C1-4221-B320-8A405520F810}"
EndProject
Global
	GlobalSection(SolutionConfigurationPlatforms) = preSolution
		Debug|Any CPU = Debug|Any CPU
		Release|Any CPU = Release|Any CPU
	EndGlobalSection
	GlobalSection(ProjectConfigurationPlatforms) = postSolution
		{4166DA81-2844-497E-AE6C-A3AD3E6FE9DB}.Debug|Any CPU.ActiveCfg = Debug|Any CPU
		{4166DA81-2844-497E-AE6C-A3AD3E6FE9DB}.Debug|Any CPU.Build.0 = Debug|Any CPU
		{4166DA81-2844-497E-AE6C-A3AD3E6FE9DB}.Release|Any CPU.ActiveCfg = Release|Any CPU
		{4166DA81-2844-497E-AE6C-A3AD3E6FE9DB}.Release|Any CPU.Build.0 = Release|Any CPU
		{02209C8F-6FF5-4275-841B-E686A8053C32}.Debug|Any CPU.ActiveCfg = Debug|Any CPU
		{02209C8F-6FF5-4275-841B-E686A8053C32}.Debug|Any CPU.Build.0 = Debug|Any CPU
		{02209C8F-6FF5-4275-841B-E686A8053C32}.Release|Any CPU.ActiveCfg = Release|Any CPU
		{02209C8F-6FF5-4275-841B-E686A8053C32}.Release|Any CPU.Build.0 = Release|Any CPU
		{66CBD8CF-52C1-4221-B320-8A405520F810}.Debug|Any CPU.ActiveCfg = Debug|Any CPU
		{66CBD8CF-52C1-4221-B320-8A405520F810}.Debug|Any CPU.Build.0 = Debug|Any CPU
		{66CBD8CF-52C1-4221-B320-8A405520F810}.Release|Any CPU.ActiveCfg = Release|Any CPU
		{66CBD8CF-52C1-4221-B320-8A405520F810}.Release|Any CPU.Build.0 = Release|Any CPU
	EndGlobalSection
	GlobalSection(SolutionProperties) = preSolution
		HideSolutionNode = FALSE
	EndGlobalSection
	GlobalSection(NestedProjects) = preSolution
		{02209C8F-6FF5-4275-841B-E686A8053C32} = {D58EB219-F279-46FA-B54D-BD958484FB2D}
	EndGlobalSection
	GlobalSection(MonoDevelopProperties) = preSolution
		StartupItem = Nucumber\nucumber.app.csproj
	EndGlobalSection
EndGlobal
